
Microsoft Visual Studio Solution File, Format Version 12.00
# Visual Studio Version 16
VisualStudioVersion = 16.0.32428.217
MinimumVisualStudioVersion = 10.0.40219.1
Project("{FAE04EC0-301F-11D3-BF4B-00C04F79EFBC}") = "Homework", "Homework\Homework.csproj", "{5418B1AB-92B5-4794-BF78-68F0ED76A00C}"
EndProject
Project("{FAE04EC0-301F-11D3-BF4B-00C04F79EFBC}") = "Leson2", "Leson2\Leson2.csproj", "{EA3B6BE4-7581-43A9-A667-F08BF07BAC24}"
EndProject
Global
	GlobalSection(SolutionConfigurationPlatforms) = preSolution
		Debug|Any CPU = Debug|Any CPU
		Release|Any CPU = Release|Any CPU
	EndGlobalSection
	GlobalSection(ProjectConfigurationPlatforms) = postSolution
		{5418B1AB-92B5-4794-BF78-68F0ED76A00C}.Debug|Any CPU.ActiveCfg = Debug|Any CPU
		{5418B1AB-92B5-4794-BF78-68F0ED76A00C}.Debug|Any CPU.Build.0 = Debug|Any CPU
		{5418B1AB-92B5-4794-BF78-68F0ED76A00C}.Release|Any CPU.ActiveCfg = Release|Any CPU
		{5418B1AB-92B5-4794-BF78-68F0ED76A00C}.Release|Any CPU.Build.0 = Release|Any CPU
		{EA3B6BE4-7581-43A9-A667-F08BF07BAC24}.Debug|Any CPU.ActiveCfg = Debug|Any CPU
		{EA3B6BE4-7581-43A9-A667-F08BF07BAC24}.Debug|Any CPU.Build.0 = Debug|Any CPU
		{EA3B6BE4-7581-43A9-A667-F08BF07BAC24}.Release|Any CPU.ActiveCfg = Release|Any CPU
		{EA3B6BE4-7581-43A9-A667-F08BF07BAC24}.Release|Any CPU.Build.0 = Release|Any CPU
	EndGlobalSection
	GlobalSection(SolutionProperties) = preSolution
		HideSolutionNode = FALSE
	EndGlobalSection
	GlobalSection(ExtensibilityGlobals) = postSolution
		SolutionGuid = {79CF9D55-261A-46D6-9905-38AA40E9BE01}
	EndGlobalSection
EndGlobal
