
Microsoft Visual Studio Solution File, Format Version 12.00
# Visual Studio Version 17
VisualStudioVersion = 17.4.33213.308
MinimumVisualStudioVersion = 10.0.40219.1
Project("{FAE04EC0-301F-11D3-BF4B-00C04F79EFBC}") = "Lesson8", "Lesson8\Lesson8.csproj", "{DC6B2A8D-80BF-4CD8-8EBB-03854A19F3D7}"
EndProject
Project("{FAE04EC0-301F-11D3-BF4B-00C04F79EFBC}") = "ClassProblem", "ClassProblem\ClassProblem.csproj", "{0166E319-2873-47D8-98B2-307EC03342FE}"
EndProject
Global
	GlobalSection(SolutionConfigurationPlatforms) = preSolution
		Debug|Any CPU = Debug|Any CPU
		Release|Any CPU = Release|Any CPU
	EndGlobalSection
	GlobalSection(ProjectConfigurationPlatforms) = postSolution
		{DC6B2A8D-80BF-4CD8-8EBB-03854A19F3D7}.Debug|Any CPU.ActiveCfg = Debug|Any CPU
		{DC6B2A8D-80BF-4CD8-8EBB-03854A19F3D7}.Debug|Any CPU.Build.0 = Debug|Any CPU
		{DC6B2A8D-80BF-4CD8-8EBB-03854A19F3D7}.Release|Any CPU.ActiveCfg = Release|Any CPU
		{DC6B2A8D-80BF-4CD8-8EBB-03854A19F3D7}.Release|Any CPU.Build.0 = Release|Any CPU
		{0166E319-2873-47D8-98B2-307EC03342FE}.Debug|Any CPU.ActiveCfg = Debug|Any CPU
		{0166E319-2873-47D8-98B2-307EC03342FE}.Debug|Any CPU.Build.0 = Debug|Any CPU
		{0166E319-2873-47D8-98B2-307EC03342FE}.Release|Any CPU.ActiveCfg = Release|Any CPU
		{0166E319-2873-47D8-98B2-307EC03342FE}.Release|Any CPU.Build.0 = Release|Any CPU
	EndGlobalSection
	GlobalSection(SolutionProperties) = preSolution
		HideSolutionNode = FALSE
	EndGlobalSection
	GlobalSection(ExtensibilityGlobals) = postSolution
		SolutionGuid = {1CA7574D-4B63-4E21-A9F3-6D74B12A58B7}
	EndGlobalSection
EndGlobal
